
Microsoft Visual Studio Solution File, Format Version 12.00
# Visual Studio Version 17
VisualStudioVersion = 17.1.32414.318
MinimumVisualStudioVersion = 10.0.40219.1
Project("{9A19103F-16F7-4668-BE54-9A1E7A4F7556}") = "PerformanceExamples", "PerformanceExamples\PerformanceExamples.csproj", "{2EF205C3-0094-4666-BB42-5738044E9C29}"
EndProject
Project("{9A19103F-16F7-4668-BE54-9A1E7A4F7556}") = "PerformanceExamplesTests", "PerformanceExamplesTests\PerformanceExamplesTests.csproj", "{8495662F-181A-421A-9651-38156C92AC33}"
EndProject
Project("{FAE04EC0-301F-11D3-BF4B-00C04F79EFBC}") = "PerformanceConsole", "PerformanceConsole\PerformanceConsole.csproj", "{EA2FF453-5327-4749-9DC0-5A3798A1B264}"
EndProject
Global
	GlobalSection(SolutionConfigurationPlatforms) = preSolution
		Debug|Any CPU = Debug|Any CPU
		Debug|x64 = Debug|x64
		Release|Any CPU = Release|Any CPU
		Release|x64 = Release|x64
	EndGlobalSection
	GlobalSection(ProjectConfigurationPlatforms) = postSolution
		{2EF205C3-0094-4666-BB42-5738044E9C29}.Debug|Any CPU.ActiveCfg = Debug|Any CPU
		{2EF205C3-0094-4666-BB42-5738044E9C29}.Debug|Any CPU.Build.0 = Debug|Any CPU
		{2EF205C3-0094-4666-BB42-5738044E9C29}.Debug|x64.ActiveCfg = Debug|x64
		{2EF205C3-0094-4666-BB42-5738044E9C29}.Debug|x64.Build.0 = Debug|x64
		{2EF205C3-0094-4666-BB42-5738044E9C29}.Release|Any CPU.ActiveCfg = Release|Any CPU
		{2EF205C3-0094-4666-BB42-5738044E9C29}.Release|Any CPU.Build.0 = Release|Any CPU
		{2EF205C3-0094-4666-BB42-5738044E9C29}.Release|x64.ActiveCfg = Release|x64
		{2EF205C3-0094-4666-BB42-5738044E9C29}.Release|x64.Build.0 = Release|x64
		{8495662F-181A-421A-9651-38156C92AC33}.Debug|Any CPU.ActiveCfg = Debug|Any CPU
		{8495662F-181A-421A-9651-38156C92AC33}.Debug|Any CPU.Build.0 = Debug|Any CPU
		{8495662F-181A-421A-9651-38156C92AC33}.Debug|x64.ActiveCfg = Debug|Any CPU
		{8495662F-181A-421A-9651-38156C92AC33}.Debug|x64.Build.0 = Debug|Any CPU
		{8495662F-181A-421A-9651-38156C92AC33}.Release|Any CPU.ActiveCfg = Release|Any CPU
		{8495662F-181A-421A-9651-38156C92AC33}.Release|Any CPU.Build.0 = Release|Any CPU
		{8495662F-181A-421A-9651-38156C92AC33}.Release|x64.ActiveCfg = Release|Any CPU
		{8495662F-181A-421A-9651-38156C92AC33}.Release|x64.Build.0 = Release|Any CPU
		{EA2FF453-5327-4749-9DC0-5A3798A1B264}.Debug|Any CPU.ActiveCfg = Debug|Any CPU
		{EA2FF453-5327-4749-9DC0-5A3798A1B264}.Debug|Any CPU.Build.0 = Debug|Any CPU
		{EA2FF453-5327-4749-9DC0-5A3798A1B264}.Debug|x64.ActiveCfg = Debug|Any CPU
		{EA2FF453-5327-4749-9DC0-5A3798A1B264}.Debug|x64.Build.0 = Debug|Any CPU
		{EA2FF453-5327-4749-9DC0-5A3798A1B264}.Release|Any CPU.ActiveCfg = Release|Any CPU
		{EA2FF453-5327-4749-9DC0-5A3798A1B264}.Release|Any CPU.Build.0 = Release|Any CPU
		{EA2FF453-5327-4749-9DC0-5A3798A1B264}.Release|x64.ActiveCfg = Release|Any CPU
		{EA2FF453-5327-4749-9DC0-5A3798A1B264}.Release|x64.Build.0 = Release|Any CPU
	EndGlobalSection
	GlobalSection(SolutionProperties) = preSolution
		HideSolutionNode = FALSE
	EndGlobalSection
	GlobalSection(ExtensibilityGlobals) = postSolution
		SolutionGuid = {605FA5FF-7A9C-4660-8FEF-99AABCB59E89}
	EndGlobalSection
EndGlobal
